{
  "name": "js_platforms_import",
  "version": "1.0.0",
  "lockfileVersion": 3,
  "requires": true,
  "packages": {
    "": {
      "name": "js_platforms_import",
      "version": "1.0.0",
      "license": "ISC",
      "dependencies": {
        "@leavethepast/JS_platforms": "npm:@leavethepast/js_platforms@^1.0.1"
      }
    },
    "node_modules/@leavethepast/JS_platforms": {
      "name": "@leavethepast/js_platforms",
      "version": "1.0.1",
      "resolved": "https://npm.pkg.github.com/download/@leavethepast/js_platforms/1.0.1/5ca2085d5835c2310a98a9a35578b56fcf2da948",
      "integrity": "sha512-7QCKo6GrmDhxwvCnJzJWRvUb2QjDhYdl+nWzLN4xQOcGRpIOXIY1IRQSOHBvIqCP6HMT6gpnLnfx1TNABnTXlw==",
      "license": "ISC"
    }
  }
}
